version: 6
environments:
  default:
    channels:
    - url: https://conda.anaconda.org/conda-forge/
    options:
      pypi-prerelease-mode: if-necessary-or-explicit
    packages:
      win-64:
      - conda: https://conda.anaconda.org/conda-forge/win-64/_openmp_mutex-4.5-20_gnu.conda
      - conda: https://conda.anaconda.org/conda-forge/win-64/bashlex-0.18-py314h86ab7b2_3.conda
      - conda: https://conda.anaconda.org/conda-forge/win-64/binaryen-117-h63175ca_0.conda
      - conda: https://conda.anaconda.org/conda-forge/win-64/binutils_impl_win-64-2.45.1-default_ha84baeb_102.conda
      - conda: https://conda.anaconda.org/conda-forge/win-64/bzip2-1.0.8-h0ad9c76_9.conda
      - conda: https://conda.anaconda.org/conda-forge/noarch/ca-certificates-2026.2.25-h4c7d964_0.conda
      - conda: https://conda.anaconda.org/conda-forge/win-64/clang-21-21.1.8-default_hac490eb_3.conda
      - conda: https://conda.anaconda.org/conda-forge/win-64/clang-21.1.8-default_nocfg_hbb9487a_3.conda
      - conda: https://conda.anaconda.org/conda-forge/win-64/clang-format-22.1.0-default_hac490eb_0.conda
      - conda: https://conda.anaconda.org/conda-forge/win-64/clangxx-21.1.8-default_nocfg_hbb9487a_3.conda
      - conda: https://conda.anaconda.org/conda-forge/noarch/click-8.3.1-pyha7b4d00_1.conda
      - conda: https://conda.anaconda.org/conda-forge/noarch/colorama-0.4.6-pyhd8ed1ab_1.conda
      - conda: https://conda.anaconda.org/conda-forge/noarch/compiledb-0.10.1-pyhd8ed1ab_1.conda
      - conda: https://conda.anaconda.org/conda-forge/win-64/compiler-rt21-21.1.8-h49e36cd_1.conda
      - conda: https://conda.anaconda.org/conda-forge/noarch/compiler-rt21_win-64-21.1.8-h49e36cd_1.conda
      - conda: https://conda.anaconda.org/conda-forge/win-64/conda-gcc-specs-15.2.0-hd546029_18.conda
      - conda: https://conda.anaconda.org/conda-forge/win-64/emscripten-4.0.9-h36c15f3_0.conda
      - conda: https://conda.anaconda.org/conda-forge/win-64/gcc-15.2.0-hd556455_18.conda
      - conda: https://conda.anaconda.org/conda-forge/win-64/gcc_impl_win-64-15.2.0-ha526d7c_18.conda
      - conda: https://conda.anaconda.org/conda-forge/win-64/ld_impl_win-64-2.45.1-default_hfd38196_102.conda
      - conda: https://conda.anaconda.org/conda-forge/win-64/libexpat-2.7.4-hac47afa_0.conda
      - conda: https://conda.anaconda.org/conda-forge/win-64/libffi-3.5.2-h3d046cb_0.conda
      - conda: https://conda.anaconda.org/conda-forge/win-64/libgcc-15.2.0-h8ee18e1_18.conda
      - conda: https://conda.anaconda.org/conda-forge/noarch/libgcc-devel_win-64-15.2.0-hbb59886_118.conda
      - conda: https://conda.anaconda.org/conda-forge/win-64/libglib-2.86.4-h0c9aed9_1.conda
      - conda: https://conda.anaconda.org/conda-forge/win-64/libgomp-15.2.0-h8ee18e1_18.conda
      - conda: https://conda.anaconda.org/conda-forge/win-64/libiconv-1.18-hc1393d2_2.conda
      - conda: https://conda.anaconda.org/conda-forge/win-64/libintl-0.22.5-h5728263_3.conda
      - conda: https://conda.anaconda.org/conda-forge/win-64/libllvm21-21.1.8-h830ff33_0.conda
      - conda: https://conda.anaconda.org/conda-forge/win-64/liblzma-5.8.2-hfd05255_0.conda
      - conda: https://conda.anaconda.org/conda-forge/win-64/libmpdec-4.0.0-hfd05255_1.conda
      - conda: https://conda.anaconda.org/conda-forge/win-64/libsqlite-3.52.0-hf5d6505_0.conda
      - conda: https://conda.anaconda.org/conda-forge/win-64/libstdcxx-15.2.0-hae5796f_18.conda
      - conda: https://conda.anaconda.org/conda-forge/noarch/libstdcxx-devel_win-64-15.2.0-h0a72980_118.conda
      - conda: https://conda.anaconda.org/conda-forge/win-64/libusb-1.0.29-h1839187_0.conda
      - conda: https://conda.anaconda.org/conda-forge/win-64/libvulkan-loader-1.4.341.0-h477610d_0.conda
      - conda: https://conda.anaconda.org/conda-forge/win-64/libwinpthread-12.0.0.r4.gg4f2fc60ca-h57928b3_10.conda
      - conda: https://conda.anaconda.org/conda-forge/win-64/libxml2-16-2.15.2-h692994f_0.conda
      - conda: https://conda.anaconda.org/conda-forge/win-64/libxml2-2.15.2-h5d26750_0.conda
      - conda: https://conda.anaconda.org/conda-forge/win-64/libzlib-1.3.2-hfd05255_2.conda
      - conda: https://conda.anaconda.org/conda-forge/win-64/lld-21.1.8-hc465015_1.conda
      - conda: https://conda.anaconda.org/conda-forge/win-64/llvm-openmp-22.1.1-h4fa8253_0.conda
      - conda: https://conda.anaconda.org/conda-forge/win-64/llvm-tools-21.1.8-h752b59f_0.conda
      - conda: https://conda.anaconda.org/conda-forge/win-64/m2-conda-epoch-20250515-0_x86_64.conda
      - conda: https://conda.anaconda.org/conda-forge/noarch/m2w64-sysroot_win-64-12.0.0.r4.gg4f2fc60ca-hd8ed1ab_10.conda
      - conda: https://conda.anaconda.org/conda-forge/win-64/make-4.4.1-h0e40799_2.conda
      - conda: https://conda.anaconda.org/conda-forge/noarch/mingw-w64-ucrt-x86_64-crt-git-12.0.0.r4.gg4f2fc60ca-hd8ed1ab_10.conda
      - conda: https://conda.anaconda.org/conda-forge/noarch/mingw-w64-ucrt-x86_64-headers-git-12.0.0.r4.gg4f2fc60ca-hd8ed1ab_10.conda
      - conda: https://conda.anaconda.org/conda-forge/noarch/mingw-w64-ucrt-x86_64-windows-default-manifest-6.4-he206cdd_7.conda
      - conda: https://conda.anaconda.org/conda-forge/noarch/mingw-w64-ucrt-x86_64-winpthreads-git-12.0.0.r4.gg4f2fc60ca-hd8ed1ab_10.conda
      - conda: https://conda.anaconda.org/conda-forge/win-64/nodejs-25.8.2-h80d1838_0.conda
      - conda: https://conda.anaconda.org/conda-forge/win-64/openssl-3.6.1-hf411b9b_1.conda
      - conda: https://conda.anaconda.org/conda-forge/win-64/pcre2-10.47-hd2b5f0e_0.conda
      - conda: https://conda.anaconda.org/conda-forge/win-64/pkg-config-0.29.2-h88c491f_1009.conda
      - conda: https://conda.anaconda.org/conda-forge/noarch/pkgconfig-1.6.0-pyhd8ed1ab_0.conda
      - conda: https://conda.anaconda.org/conda-forge/win-64/python-3.14.3-h4b44e0e_101_cp314.conda
      - conda: https://conda.anaconda.org/conda-forge/noarch/python_abi-3.14-8_cp314.conda
      - conda: https://conda.anaconda.org/conda-forge/win-64/sdl3-3.4.2-h5112557_0.conda
      - conda: https://conda.anaconda.org/conda-forge/noarch/shutilwhich-1.1.0-py_1.tar.bz2
      - conda: https://conda.anaconda.org/conda-forge/win-64/tk-8.6.13-h6ed50ae_3.conda
      - conda: https://conda.anaconda.org/conda-forge/noarch/tzdata-2025c-hc9c84f9_1.conda
      - conda: https://conda.anaconda.org/conda-forge/win-64/ucrt-10.0.26100.0-h57928b3_0.conda
      - conda: https://conda.anaconda.org/conda-forge/win-64/vc-14.3-h41ae7f8_34.conda
      - conda: https://conda.anaconda.org/conda-forge/win-64/vc14_runtime-14.44.35208-h818238b_34.conda
      - conda: https://conda.anaconda.org/conda-forge/win-64/vcomp14-14.44.35208-h818238b_34.conda
      - conda: https://conda.anaconda.org/conda-forge/win-64/zlib-1.3.2-hfd05255_2.conda
      - conda: https://conda.anaconda.org/conda-forge/win-64/zstd-1.5.7-h534d264_6.conda
packages:
- conda: https://conda.anaconda.org/conda-forge/win-64/_openmp_mutex-4.5-20_gnu.conda
  build_number: 20
  sha256: 8a1cee28bd0ee7451ada1cd50b64720e57e17ff994fc62dd8329bef570d382e4
  md5: 1626967b574d1784b578b52eaeb071e7
  depends:
  - libgomp >=7.5.0
  - libwinpthread >=12.0.0.r4.gg4f2fc60ca
  constrains:
  - openmp_impl <0.0a0
  - msys2-conda-epoch <0.0a0
  license: BSD-3-Clause
  license_family: BSD
  size: 52252
  timestamp: 1770943776666
- conda: https://conda.anaconda.org/conda-forge/win-64/bashlex-0.18-py314h86ab7b2_3.conda
  sha256: 1c8a8a2dcbaebc500b16ad22754eb719a9c1b7a3475da7a73fbbfbdea8f4e05b
  md5: 92a8239321fc1e5997bb4de4ef7a5c1e
  depends:
  - python >=3.14.0rc2,<3.15.0a0
  - python_abi 3.14.* *_cp314
  license: GPL-3.0-only
  license_family: GPL
  size: 212753
  timestamp: 1756367522968
- conda: https://conda.anaconda.org/conda-forge/win-64/binaryen-117-h63175ca_0.conda
  sha256: 2cc0e433360f7c4a5ce8e2b5f8960cfba8675b6b3232830da7e6f8403c6b4186
  md5: b0028cf00bb7d8f3fd8075de8165b1a8
  depends:
  - ucrt >=10.0.20348.0
  - vc >=14.2,<15
  - vc14_runtime >=14.29.30139
  license: Apache-2.0
  license_family: APACHE
  size: 40046563
  timestamp: 1709093094826
- conda: https://conda.anaconda.org/conda-forge/win-64/binutils_impl_win-64-2.45.1-default_ha84baeb_102.conda
  sha256: 9123bf592bca01e226eeaf7ad70853a54eaae30d7585be5751eed2d6624bc39a
  md5: 74d89550a0a593e67a32fd1d2509a85a
  depends:
  - ld_impl_win-64 2.45.1 default_hfd38196_102
  - m2w64-sysroot_win-64 >=12.0.0.r0
  - zstd >=1.5.7,<1.6.0a0
  license: GPL-3.0-only
  license_family: GPL
  size: 6121562
  timestamp: 1774198074938
- conda: https://conda.anaconda.org/conda-forge/win-64/bzip2-1.0.8-h0ad9c76_9.conda
  sha256: 76dfb71df5e8d1c4eded2dbb5ba15bb8fb2e2b0fe42d94145d5eed4c75c35902
  md5: 4cb8e6b48f67de0b018719cdf1136306
  depends:
  - ucrt >=10.0.20348.0
  - vc >=14.3,<15
  - vc14_runtime >=14.44.35208
  license: bzip2-1.0.6
  license_family: BSD
  size: 56115
  timestamp: 1771350256444
- conda: https://conda.anaconda.org/conda-forge/noarch/ca-certificates-2026.2.25-h4c7d964_0.conda
  sha256: 37950019c59b99585cee5d30dbc2cc9696ed4e11f5742606a4db1621ed8f94d6
  md5: f001e6e220355b7f87403a4d0e5bf1ca
  depends:
  - __win
  license: ISC
  size: 147734
  timestamp: 1772006322223
- conda: https://conda.anaconda.org/conda-forge/win-64/clang-21.1.8-default_nocfg_hbb9487a_3.conda
  sha256: 513301e89e28539356dcbe87a143899663321cea319ca3b7f1f3c6ee48d631a7
  md5: e1ececcba577fc976a04c03b0e72dc8c
  depends:
  - clang-21 21.1.8 default_hac490eb_3
  - libzlib >=1.3.1,<2.0a0
  - llvm-openmp >=21.1.8
  - ucrt >=10.0.20348.0
  - vc >=14.3,<15
  - vc14_runtime >=14.44.35208
  - zstd >=1.5.7,<1.6.0a0
  license: Apache-2.0 WITH LLVM-exception
  license_family: Apache
  size: 108940113
  timestamp: 1770196870041
- conda: https://conda.anaconda.org/conda-forge/win-64/clang-21-21.1.8-default_hac490eb_3.conda
  sha256: 9820c149e965d7809b58befaeec62d629f3d95813b82751a499e3ecc731ca406
  md5: b3f3091abb58151d821ac4a3cf525c23
  depends:
  - compiler-rt21 21.1.8.*
  - libzlib >=1.3.1,<2.0a0
  - ucrt >=10.0.20348.0
  - vc >=14.3,<15
  - vc14_runtime >=14.44.35208
  - zstd >=1.5.7,<1.6.0a0
  license: Apache-2.0 WITH LLVM-exception
  license_family: Apache
  size: 73389081
  timestamp: 1770196593238
- conda: https://conda.anaconda.org/conda-forge/win-64/clang-format-22.1.0-default_hac490eb_0.conda
  sha256: dace9a1494f58d27f1a4ce87b5d1eb34ad515ca29051513ef44f0d7f84317e74
  md5: c586c048f8fccbeb584e50b8981e477b
  depends:
  - ucrt >=10.0.20348.0
  - vc >=14.3,<15
  - vc14_runtime >=14.44.35208
  license: Apache-2.0 WITH LLVM-exception
  license_family: Apache
  size: 1268454
  timestamp: 1772354029678
- conda: https://conda.anaconda.org/conda-forge/win-64/clangxx-21.1.8-default_nocfg_hbb9487a_3.conda
  sha256: ce71b4b446e39c7adfca432dd0cfdf7be0c376a974dc7c1eccba052103666bf6
  md5: 0f620e6b8f3255b9a5a82cb08fdbce9b
  depends:
  - clang 21.1.8 default_nocfg_hbb9487a_3
  - libzlib >=1.3.1,<2.0a0
  - ucrt >=10.0.20348.0
  - vc >=14.3,<15
  - vc14_runtime >=14.44.35208
  - zstd >=1.5.7,<1.6.0a0
  license: Apache-2.0 WITH LLVM-exception
  license_family: Apache
  size: 36325900
  timestamp: 1770197126375
- conda: https://conda.anaconda.org/conda-forge/noarch/click-8.3.1-pyha7b4d00_1.conda
  sha256: c3bc9a49930fa1c3383a1485948b914823290efac859a2587ca57a270a652e08
  md5: 6cd3ccc98bacfcc92b2bd7f236f01a7e
  depends:
  - python >=3.10
  - colorama
  - __win
  - python
  license: BSD-3-Clause
  license_family: BSD
  size: 96620
  timestamp: 1764518654675
- conda: https://conda.anaconda.org/conda-forge/noarch/colorama-0.4.6-pyhd8ed1ab_1.conda
  sha256: ab29d57dc70786c1269633ba3dff20288b81664d3ff8d21af995742e2bb03287
  md5: 962b9857ee8e7018c22f2776ffa0b2d7
  depends:
  - python >=3.9
  license: BSD-3-Clause
  license_family: BSD
  size: 27011
  timestamp: 1733218222191
- conda: https://conda.anaconda.org/conda-forge/noarch/compiledb-0.10.1-pyhd8ed1ab_1.conda
  sha256: f7ef1d16c93aed88e60019d86f72d74fe485ffde9d3d560787e58875900a8886
  md5: be46c422d095e655583f4e79466cb42e
  depends:
  - bashlex
  - click
  - python >=3.9
  - shutilwhich
  license: GPL-3.0-or-later
  license_family: GPL
  size: 40478
  timestamp: 1735917046898
- conda: https://conda.anaconda.org/conda-forge/win-64/compiler-rt21-21.1.8-h49e36cd_1.conda
  sha256: 065c6304242c3bdd9a2dcfbca29639551eaba66f8cfc2dbd5578b5639cda86dd
  md5: e9d6b5253caf06da17b78c7844fe1177
  depends:
  - compiler-rt21_win-64 21.1.8.*
  - ucrt >=10.0.20348.0
  - vc >=14.3,<15
  - vc14_runtime >=14.44.35208
  license: Apache-2.0 WITH LLVM-exception
  license_family: APACHE
  size: 3646497
  timestamp: 1769057574881
- conda: https://conda.anaconda.org/conda-forge/noarch/compiler-rt21_win-64-21.1.8-h49e36cd_1.conda
  sha256: eb1172729d9fff61b79f8787c7da8b08be4199a61c13beca357c08825c69972d
  md5: f5c53987efff421a2100cba08fc9995f
  constrains:
  - compiler-rt >=9.0.1
  license: Apache-2.0 WITH LLVM-exception
  license_family: APACHE
  size: 3557216
  timestamp: 1769057506914
- conda: https://conda.anaconda.org/conda-forge/win-64/conda-gcc-specs-15.2.0-hd546029_18.conda
  sha256: 21062850a891e5a82b7a473de0a2fa4bfafff6fcba9455a619604343018c9f99
  md5: 071dbd17ed598f723c5f48624ae455f9
  depends:
  - gcc_impl_win-64 >=15.2.0,<15.2.1.0a0
  license: GPL-3.0-only WITH GCC-exception-3.1
  license_family: GPL
  size: 54725
  timestamp: 1771382417485
- conda: https://conda.anaconda.org/conda-forge/win-64/emscripten-4.0.9-h36c15f3_0.conda
  sha256: 78507f34c7db469de975f690cfe4411b83ba261c7c5cfd1050109753a76b9781
  md5: 678af0e5db33520e4a8c6fd6277c10d1
  depends:
  - binaryen >=117,<118.0a0
  - clang 21.*
  - clangxx 21.*
  - lld 21.*
  - llvm-tools 21.*
  - nodejs >=20
  - python *
  - ucrt >=10.0.20348.0
  - vc >=14.3,<15
  - vc14_runtime >=14.44.35208
  - zlib
  license: MIT OR NCSA OR MPL-2.0
  size: 60945000
  timestamp: 1764068007631
- conda: https://conda.anaconda.org/conda-forge/win-64/gcc-15.2.0-hd556455_18.conda
  sha256: 349dd70890b3bb51d8f7a7976f53711f4606c076a659ee7fdc7c32e2ffa019a1
  md5: 0f295318682c2fbefbe293399fae135f
  depends:
  - conda-gcc-specs
  - gcc_impl_win-64 15.2.0 ha526d7c_18
  license: BSD-3-Clause
  license_family: BSD
  size: 1198343
  timestamp: 1771382604468
- conda: https://conda.anaconda.org/conda-forge/win-64/gcc_impl_win-64-15.2.0-ha526d7c_18.conda
  sha256: 70db065b687f52e64b942af8daf33e244e17128158ced9dc019924c4f79d3b82
  md5: 7568471e78e882712c3d3715624a54c8
  depends:
  - binutils_impl_win-64 >=2.45
  - libgcc >=15.2.0
  - libgcc-devel_win-64 15.2.0 hbb59886_118
  - libgomp >=15.2.0
  - libstdcxx >=15.2.0
  - libstdcxx-devel_win-64 15.2.0 h0a72980_118
  - m2w64-sysroot_win-64
  license: GPL-3.0-only WITH GCC-exception-3.1
  license_family: GPL
  size: 62510234
  timestamp: 1771382289787
- conda: https://conda.anaconda.org/conda-forge/win-64/ld_impl_win-64-2.45.1-default_hfd38196_102.conda
  sha256: 5256fe3ac465452a9702ca2b48adf47d1de905ed47d98fd5976ddb9c7a85619c
  md5: b0019a6e9267dd74b7efeefa970df76a
  depends:
  - zstd >=1.5.7,<1.6.0a0
  constrains:
  - binutils_impl_win-64 2.45.1
  license: GPL-3.0-only
  license_family: GPL
  size: 877159
  timestamp: 1774198058013
- conda: https://conda.anaconda.org/conda-forge/win-64/libexpat-2.7.4-hac47afa_0.conda
  sha256: b31f6fb629c4e17885aaf2082fb30384156d16b48b264e454de4a06a313b533d
  md5: 1c1ced969021592407f16ada4573586d
  depends:
  - ucrt >=10.0.20348.0
  - vc >=14.3,<15
  - vc14_runtime >=14.44.35208
  constrains:
  - expat 2.7.4.*
  license: MIT
  license_family: MIT
  size: 70323
  timestamp: 1771259521393
- conda: https://conda.anaconda.org/conda-forge/win-64/libffi-3.5.2-h3d046cb_0.conda
  sha256: 59d01f2dfa8b77491b5888a5ab88ff4e1574c9359f7e229da254cdfe27ddc190
  md5: 720b39f5ec0610457b725eb3f396219a
  depends:
  - ucrt >=10.0.20348.0
  - vc >=14.3,<15
  - vc14_runtime >=14.44.35208
  license: MIT
  license_family: MIT
  size: 45831
  timestamp: 1769456418774
- conda: https://conda.anaconda.org/conda-forge/win-64/libgcc-15.2.0-h8ee18e1_18.conda
  sha256: da2c96563c76b8c601746f03e03ac75d2b4640fa2ee017cb23d6c9fc31f1b2c6
  md5: b085746891cca3bd2704a450a7b4b5ce
  depends:
  - _openmp_mutex >=4.5
  - libwinpthread >=12.0.0.r4.gg4f2fc60ca
  constrains:
  - libgcc-ng ==15.2.0=*_18
  - msys2-conda-epoch <0.0a0
  - libgomp 15.2.0 h8ee18e1_18
  license: GPL-3.0-only WITH GCC-exception-3.1
  license_family: GPL
  size: 820022
  timestamp: 1771382190160
- conda: https://conda.anaconda.org/conda-forge/noarch/libgcc-devel_win-64-15.2.0-hbb59886_118.conda
  sha256: e43ffa48a88a7d77a0dc0d3ccfa3acc55702e9d964e8564e86927f5a389a6c51
  md5: 1e020780767f809769807a442f5d6f6a
  depends:
  - m2-conda-epoch
  license: GPL-3.0-only WITH GCC-exception-3.1
  license_family: GPL
  size: 2422242
  timestamp: 1771382108271
- conda: https://conda.anaconda.org/conda-forge/win-64/libglib-2.86.4-h0c9aed9_1.conda
  sha256: f035fb25f8858f201e0055c719ef91022e9465cd51fe803304b781863286fb10
  md5: 0329a7e92c8c8b61fcaaf7ad44642a96
  depends:
  - libffi >=3.5.2,<3.6.0a0
  - libiconv >=1.18,<2.0a0
  - libintl >=0.22.5,<1.0a0
  - libzlib >=1.3.1,<2.0a0
  - pcre2 >=10.47,<10.48.0a0
  - ucrt >=10.0.20348.0
  - vc >=14.3,<15
  - vc14_runtime >=14.44.35208
  constrains:
  - glib 2.86.4 *_1
  license: LGPL-2.1-or-later
  size: 4095369
  timestamp: 1771863229701
- conda: https://conda.anaconda.org/conda-forge/win-64/libgomp-15.2.0-h8ee18e1_18.conda
  sha256: 94981bc2e42374c737750895c6fdcfc43b7126c4fc788cad0ecc7281745931da
  md5: 939fb173e2a4d4e980ef689e99b35223
  depends:
  - libwinpthread >=12.0.0.r4.gg4f2fc60ca
  constrains:
  - msys2-conda-epoch <0.0a0
  license: GPL-3.0-only WITH GCC-exception-3.1
  license_family: GPL
  size: 663864
  timestamp: 1771382118742
- conda: https://conda.anaconda.org/conda-forge/win-64/libiconv-1.18-hc1393d2_2.conda
  sha256: 0dcdb1a5f01863ac4e8ba006a8b0dc1a02d2221ec3319b5915a1863254d7efa7
  md5: 64571d1dd6cdcfa25d0664a5950fdaa2
  depends:
  - ucrt >=10.0.20348.0
  - vc >=14.3,<15
  - vc14_runtime >=14.44.35208
  license: LGPL-2.1-only
  size: 696926
  timestamp: 1754909290005
- conda: https://conda.anaconda.org/conda-forge/win-64/libintl-0.22.5-h5728263_3.conda
  sha256: c7e4600f28bcada8ea81456a6530c2329312519efcf0c886030ada38976b0511
  md5: 2cf0cf76cc15d360dfa2f17fd6cf9772
  depends:
  - libiconv >=1.17,<2.0a0
  license: LGPL-2.1-or-later
  size: 95568
  timestamp: 1723629479451
- conda: https://conda.anaconda.org/conda-forge/win-64/libllvm21-21.1.8-h830ff33_0.conda
  sha256: 7c4ce38a583d18c8e2ecc9581ab19d065c6a456862b441cfa212bc7e4369b1e2
  md5: 11241ee5fcd94a2816d1fd71dd2d970f
  depends:
  - libzlib >=1.3.1,<2.0a0
  - ucrt >=10.0.20348.0
  - vc >=14.3,<15
  - vc14_runtime >=14.44.35208
  - zstd >=1.5.7,<1.6.0a0
  license: Apache-2.0 WITH LLVM-exception
  license_family: Apache
  size: 55322
  timestamp: 1765934329361
- conda: https://conda.anaconda.org/conda-forge/win-64/liblzma-5.8.2-hfd05255_0.conda
  sha256: f25bf293f550c8ed2e0c7145eb404324611cfccff37660869d97abf526eb957c
  md5: ba0bfd4c3cf73f299ffe46ff0eaeb8e3
  depends:
  - ucrt >=10.0.20348.0
  - vc >=14.3,<15
  - vc14_runtime >=14.44.35208
  constrains:
  - xz 5.8.2.*
  license: 0BSD
  size: 106169
  timestamp: 1768752763559
- conda: https://conda.anaconda.org/conda-forge/win-64/libmpdec-4.0.0-hfd05255_1.conda
  sha256: 40dcd0b9522a6e0af72a9db0ced619176e7cfdb114855c7a64f278e73f8a7514
  md5: e4a9fc2bba3b022dad998c78856afe47
  depends:
  - ucrt >=10.0.20348.0
  - vc >=14.3,<15
  - vc14_runtime >=14.44.35208
  license: BSD-2-Clause
  license_family: BSD
  size: 89411
  timestamp: 1769482314283
- conda: https://conda.anaconda.org/conda-forge/win-64/libsqlite-3.52.0-hf5d6505_0.conda
  sha256: 5fccf1e4e4062f8b9a554abf4f9735a98e70f82e2865d0bfdb47b9de94887583
  md5: 8830689d537fda55f990620680934bb1
  depends:
  - ucrt >=10.0.20348.0
  - vc >=14.3,<15
  - vc14_runtime >=14.44.35208
  license: blessing
  size: 1297302
  timestamp: 1772818899033
- conda: https://conda.anaconda.org/conda-forge/win-64/libstdcxx-15.2.0-hae5796f_18.conda
  sha256: 7134b90a850f0e14f15bd0f0218fd728f19cd5c58420a90c2f561f58272b8519
  md5: 7c09facd8f5aced6b4c146e1c4053e50
  depends:
  - libgcc 15.2.0 h8ee18e1_18
  - libwinpthread >=12.0.0.r4.gg4f2fc60ca
  constrains:
  - libstdcxx-ng ==15.2.0=*_18
  license: GPL-3.0-only WITH GCC-exception-3.1
  license_family: GPL
  size: 6462596
  timestamp: 1771382223989
- conda: https://conda.anaconda.org/conda-forge/noarch/libstdcxx-devel_win-64-15.2.0-h0a72980_118.conda
  sha256: 0b27331f127c6c10017442cc98c483aa868298102e98aae70ad86b9a5ae0029e
  md5: b7a331c07d140e476fee0c70c9696e87
  depends:
  - m2-conda-epoch
  license: GPL-3.0-only WITH GCC-exception-3.1
  license_family: GPL
  size: 11729036
  timestamp: 1771382135681
- conda: https://conda.anaconda.org/conda-forge/win-64/libusb-1.0.29-h1839187_0.conda
  sha256: 9837f8e8de20b6c9c033561cd33b4554cd551b217e3b8d2862b353ed2c23d8b8
  md5: a656b2c367405cd24988cf67ff2675aa
  depends:
  - vc >=14.2,<15
  - vc14_runtime >=14.29.30139
  - ucrt >=10.0.20348.0
  - vc >=14.2,<15
  - vc14_runtime >=14.29.30139
  - ucrt >=10.0.20348.0
  license: LGPL-2.1-or-later
  size: 118204
  timestamp: 1748856290542
- conda: https://conda.anaconda.org/conda-forge/win-64/libvulkan-loader-1.4.341.0-h477610d_0.conda
  sha256: 0f0965edca8b255187604fc7712c53fe9064b31a1845a7dfb2b63bf660de84a7
  md5: 804880b2674119b84277d6c16b01677d
  depends:
  - vc >=14.3,<15
  - vc14_runtime >=14.44.35208
  - ucrt >=10.0.20348.0
  constrains:
  - libvulkan-headers 1.4.341.0.*
  license: Apache-2.0
  license_family: APACHE
  size: 282251
  timestamp: 1770077165680
- conda: https://conda.anaconda.org/conda-forge/win-64/libwinpthread-12.0.0.r4.gg4f2fc60ca-h57928b3_10.conda
  sha256: 0fccf2d17026255b6e10ace1f191d0a2a18f2d65088fd02430be17c701f8ffe0
  md5: 8a86073cf3b343b87d03f41790d8b4e5
  depends:
  - ucrt
  constrains:
  - pthreads-win32 <0.0a0
  - msys2-conda-epoch <0.0a0
  license: MIT AND BSD-3-Clause-Clear
  size: 36621
  timestamp: 1759768399557
- conda: https://conda.anaconda.org/conda-forge/win-64/libxml2-2.15.2-h5d26750_0.conda
  sha256: f905eb7046987c336122121759e7f09144729f6898f48cd06df2a945b86998d8
  md5: 1007e1bfe181a2aee214779ee7f13d30
  depends:
  - libiconv >=1.18,<2.0a0
  - liblzma >=5.8.2,<6.0a0
  - libxml2-16 2.15.2 h692994f_0
  - libzlib >=1.3.1,<2.0a0
  - ucrt >=10.0.20348.0
  - vc >=14.3,<15
  - vc14_runtime >=14.44.35208
  constrains:
  - icu <0.0a0
  license: MIT
  license_family: MIT
  size: 43681
  timestamp: 1772704748950
- conda: https://conda.anaconda.org/conda-forge/win-64/libxml2-16-2.15.2-h692994f_0.conda
  sha256: b8c71b3b609c7cfe17f3f2a47c75394d7b30acfb8b34ad7a049ea8757b4d33df
  md5: e365238134188e42ed36ee996159d482
  depends:
  - libiconv >=1.18,<2.0a0
  - liblzma >=5.8.2,<6.0a0
  - libzlib >=1.3.1,<2.0a0
  - ucrt >=10.0.20348.0
  - vc >=14.3,<15
  - vc14_runtime >=14.44.35208
  constrains:
  - libxml2 2.15.2
  - icu <0.0a0
  license: MIT
  license_family: MIT
  size: 520078
  timestamp: 1772704728534
- conda: https://conda.anaconda.org/conda-forge/win-64/libzlib-1.3.2-hfd05255_2.conda
  sha256: 88609816e0cc7452bac637aaf65783e5edf4fee8a9f8e22bdc3a75882c536061
  md5: dbabbd6234dea34040e631f87676292f
  depends:
  - ucrt >=10.0.20348.0
  - vc >=14.3,<15
  - vc14_runtime >=14.44.35208
  constrains:
  - zlib 1.3.2 *_2
  license: Zlib
  license_family: Other
  size: 58347
  timestamp: 1774072851498
- conda: https://conda.anaconda.org/conda-forge/win-64/lld-21.1.8-hc465015_1.conda
  sha256: 37589f1255b9640d80dc6bfe2da6ced0338e905d165172de2814df39f5fd00af
  md5: d989df6e4d3873bf3ca3f97f77187744
  depends:
  - libxml2
  - libxml2-16 >=2.14.6
  - libzlib >=1.3.1,<2.0a0
  - ucrt >=10.0.20348.0
  - vc >=14.3,<15
  - vc14_runtime >=14.44.35208
  - zstd >=1.5.7,<1.6.0a0
  constrains:
  - llvm ==21.1.8
  license: Apache-2.0 WITH LLVM-exception
  license_family: APACHE
  size: 135734371
  timestamp: 1772002042044
- conda: https://conda.anaconda.org/conda-forge/win-64/llvm-openmp-22.1.1-h4fa8253_0.conda
  sha256: 64c7fe6490583f3c49c36c2f413e681072102db8abea13a3e1832f44eaf55518
  md5: d9f479404fe316e575f4a4575f3df406
  depends:
  - ucrt >=10.0.20348.0
  - vc >=14.3,<15
  - vc14_runtime >=14.44.35208
  constrains:
  - openmp 22.1.1|22.1.1.*
  - intel-openmp <0.0a0
  license: Apache-2.0 WITH LLVM-exception
  license_family: APACHE
  size: 347138
  timestamp: 1774349485844
- conda: https://conda.anaconda.org/conda-forge/win-64/llvm-tools-21.1.8-h752b59f_0.conda
  sha256: 1276c062dac47c50a0401878fa2e7df056b393f4fab09f457d79f123460e7a4a
  md5: e12f3ab80195e6de933b8af4c88c4c6a
  depends:
  - libllvm21 21.1.8 h830ff33_0
  - libxml2
  - libxml2-16 >=2.14.6
  - libzlib >=1.3.1,<2.0a0
  - ucrt >=10.0.20348.0
  - vc >=14.3,<15
  - vc14_runtime >=14.44.35208
  - zstd >=1.5.7,<1.6.0a0
  constrains:
  - llvm        21.1.8
  - clang       21.1.8
  - llvmdev     21.1.8
  - clang-tools 21.1.8
  license: Apache-2.0 WITH LLVM-exception
  license_family: Apache
  size: 443987597
  timestamp: 1765934998118
- conda: https://conda.anaconda.org/conda-forge/win-64/m2-conda-epoch-20250515-0_x86_64.conda
  build_number: 0
  sha256: 51e9214548f177db9c3fe70424e3774c95bf19cd69e0e56e83abe2e393228ba1
  md5: 7d60fb16df2cd07fbc3dbff1c9df4244
  constrains:
  - msys2-conda-epoch <0.0a0
  license: BSD-3-Clause
  license_family: BSD
  size: 7539
  timestamp: 1747330852019
- conda: https://conda.anaconda.org/conda-forge/noarch/m2w64-sysroot_win-64-12.0.0.r4.gg4f2fc60ca-hd8ed1ab_10.conda
  sha256: fb0ffe6b3c25189038c29abbd1fac2522d87fe2775a09e5f5088e5542dc3309b
  md5: 9676d2a30fa3ffa4e5350041d0993758
  depends:
  - m2-conda-epoch
  - mingw-w64-ucrt-x86_64-crt-git 12.0.0.r4.gg4f2fc60ca hd8ed1ab_10
  - mingw-w64-ucrt-x86_64-headers-git 12.0.0.r4.gg4f2fc60ca hd8ed1ab_10
  - mingw-w64-ucrt-x86_64-windows-default-manifest
  - mingw-w64-ucrt-x86_64-winpthreads-git 12.0.0.r4.gg4f2fc60ca hd8ed1ab_10
  - ucrt
  size: 8421
  timestamp: 1759768559974
- conda: https://conda.anaconda.org/conda-forge/win-64/make-4.4.1-h0e40799_2.conda
  sha256: a810cdca3d5fa50d562cda23c0c1195b45ff5f9b0c41e0d4c8c2dd3c043ff4f2
  md5: 77ff648ad9fec660f261aa8ab0949f62
  depends:
  - libgcc >=13
  - libwinpthread >=12.0.0.r4.gg4f2fc60ca
  - ucrt >=10.0.20348.0
  license: GPL-3.0-or-later
  license_family: GPL
  size: 2176937
  timestamp: 1727802346950
- conda: https://conda.anaconda.org/conda-forge/noarch/mingw-w64-ucrt-x86_64-crt-git-12.0.0.r4.gg4f2fc60ca-hd8ed1ab_10.conda
  sha256: de3e42149b498c16bfb485b7729f4ca0fe392be576a2a10ff702d661799b1df3
  md5: 44ffa6d68699ec9321f6d48d75bdc726
  depends:
  - m2-conda-epoch
  - mingw-w64-ucrt-x86_64-headers-git 12.0.0.r4.gg4f2fc60ca hd8ed1ab_10
  constrains:
  - mingw-w64-ucrt-x86_64-winpthreads-git 12.0.0.r4.gg4f2fc60ca.*
  license: ZPL-2.1
  size: 5663635
  timestamp: 1759768458961
- conda: https://conda.anaconda.org/conda-forge/noarch/mingw-w64-ucrt-x86_64-headers-git-12.0.0.r4.gg4f2fc60ca-hd8ed1ab_10.conda
  sha256: 1add86481f35163215e7076e6f06f22aa9f1f9345a5fff5cb07bc846c13fbec7
  md5: cab7b807024204893ef5bb1860d91408
  depends:
  - m2-conda-epoch
  constrains:
  - mingw-w64-ucrt-x86_64-crt-git 12.0.0.r4.gg4f2fc60ca.*
  - mingw-w64-ucrt-x86_64-winpthreads-git 12.0.0.r4.gg4f2fc60ca.*
  license: ZPL-2.1 AND LGPL-2.1-or-later
  size: 7089846
  timestamp: 1759768412123
- conda: https://conda.anaconda.org/conda-forge/noarch/mingw-w64-ucrt-x86_64-windows-default-manifest-6.4-he206cdd_7.conda
  sha256: 5b0df4e0ba8487ffd59f60c34c5dbb9e001ecd2c5d2c66ba88eada40bfa3ecb8
  md5: 1d6b5c96d7e3cce773519d7d1a4482f0
  depends:
  - __win
  constrains:
  - m2w64-sysroot_win-64 >=12.0.0.r0
  license: FSFAP
  size: 7412
  timestamp: 1717486007140
- conda: https://conda.anaconda.org/conda-forge/noarch/mingw-w64-ucrt-x86_64-winpthreads-git-12.0.0.r4.gg4f2fc60ca-hd8ed1ab_10.conda
  sha256: 828abb111286940473c4c665fc8ab300d28920f5af83b32295e8bf2256a8f342
  md5: ba0eeff6a5c62b83c771bb392e22dbb4
  depends:
  - m2-conda-epoch
  - mingw-w64-ucrt-x86_64-headers-git 12.0.0.r4.gg4f2fc60ca hd8ed1ab_10
  constrains:
  - mingw-w64-ucrt-x86_64-crt-git 12.0.0.r4.gg4f2fc60ca.*
  license: MIT AND BSD-3-Clause-Clear
  size: 123916
  timestamp: 1759768539535
- conda: https://conda.anaconda.org/conda-forge/win-64/nodejs-25.8.2-h80d1838_0.conda
  sha256: 5e38e51da1aa4bc352db9b4cec1c3e25811de0f4408edaa24e009a64de6dbfdf
  md5: e626ee7934e4b7cb21ce6b721cff8677
  license: MIT
  size: 31271315
  timestamp: 1774517904472
- conda: https://conda.anaconda.org/conda-forge/win-64/openssl-3.6.1-hf411b9b_1.conda
  sha256: 53a5ad2e5553b8157a91bb8aa375f78c5958f77cb80e9d2ce59471ea8e5c0bd6
  md5: eb585509b815415bc964b2c7e11c7eb3
  depends:
  - ca-certificates
  - ucrt >=10.0.20348.0
  - vc >=14.3,<15
  - vc14_runtime >=14.44.35208
  license: Apache-2.0
  license_family: Apache
  size: 9343023
  timestamp: 1769557547888
- conda: https://conda.anaconda.org/conda-forge/win-64/pcre2-10.47-hd2b5f0e_0.conda
  sha256: 3e9e02174edf02cb4bcdd75668ad7b74b8061791a3bc8bdb8a52ae336761ba3e
  md5: 77eaf2336f3ae749e712f63e36b0f0a1
  depends:
  - bzip2 >=1.0.8,<2.0a0
  - libzlib >=1.3.1,<2.0a0
  - ucrt >=10.0.20348.0
  - vc >=14.3,<15
  - vc14_runtime >=14.44.35208
  license: BSD-3-Clause
  license_family: BSD
  size: 995992
  timestamp: 1763655708300
- conda: https://conda.anaconda.org/conda-forge/win-64/pkg-config-0.29.2-h88c491f_1009.conda
  sha256: 86b0c40c8b569dbc164cb1de098ddabf4c240a5e8f38547aab00493891fa67f3
  md5: 122d6514d415fbe02c9b58aee9f6b53e
  depends:
  - libglib >=2.80.3,<3.0a0
  - ucrt >=10.0.20348.0
  - vc >=14.2,<15
  - vc14_runtime >=14.29.30139
  license: GPL-2.0-or-later
  license_family: GPL
  size: 36118
  timestamp: 1720806338740
- conda: https://conda.anaconda.org/conda-forge/noarch/pkgconfig-1.6.0-pyhd8ed1ab_0.conda
  sha256: f98f3daf9c36330334cf323e2d012143d53fa3c9c4ec92745f69b1fb02383107
  md5: 8c76df85639f9c631a6556b591e0526a
  depends:
  - pkg-config
  - python >=3.10
  license: MIT
  license_family: MIT
  size: 13066
  timestamp: 1772824753547
- conda: https://conda.anaconda.org/conda-forge/win-64/python-3.14.3-h4b44e0e_101_cp314.conda
  build_number: 101
  sha256: 3f99d83bfd95b9bdae64a42a1e4bf5131dc20b724be5ac8a9a7e1ac2c0f006d7
  md5: 7ec2be7eaf59f83f3e5617665f3fbb2e
  depends:
  - bzip2 >=1.0.8,<2.0a0
  - libexpat >=2.7.3,<3.0a0
  - libffi >=3.5.2,<3.6.0a0
  - liblzma >=5.8.2,<6.0a0
  - libmpdec >=4.0.0,<5.0a0
  - libsqlite >=3.51.2,<4.0a0
  - libzlib >=1.3.1,<2.0a0
  - openssl >=3.5.5,<4.0a0
  - python_abi 3.14.* *_cp314
  - tk >=8.6.13,<8.7.0a0
  - tzdata
  - ucrt >=10.0.20348.0
  - vc >=14.3,<15
  - vc14_runtime >=14.44.35208
  - zstd >=1.5.7,<1.6.0a0
  license: Python-2.0
  size: 18273230
  timestamp: 1770675442998
  python_site_packages_path: Lib/site-packages
- conda: https://conda.anaconda.org/conda-forge/noarch/python_abi-3.14-8_cp314.conda
  build_number: 8
  sha256: ad6d2e9ac39751cc0529dd1566a26751a0bf2542adb0c232533d32e176e21db5
  md5: 0539938c55b6b1a59b560e843ad864a4
  constrains:
  - python 3.14.* *_cp314
  license: BSD-3-Clause
  license_family: BSD
  size: 6989
  timestamp: 1752805904792
- conda: https://conda.anaconda.org/conda-forge/win-64/sdl3-3.4.2-h5112557_0.conda
  sha256: a4677774a9d542c6f4bac8779a2d7105748d38d8b7d56c8d02f36d14fba471b9
  md5: a0256884d35489e520360267e67ce3fc
  depends:
  - vc >=14.3,<15
  - vc14_runtime >=14.44.35208
  - ucrt >=10.0.20348.0
  - libvulkan-loader >=1.4.341.0,<2.0a0
  - libusb >=1.0.29,<2.0a0
  license: Zlib
  size: 1669623
  timestamp: 1771668231217
- conda: https://conda.anaconda.org/conda-forge/noarch/shutilwhich-1.1.0-py_1.tar.bz2
  sha256: 31e20adc675a6b899673d0791d6b23527b31d72610d7ce92580046b6618d2bc0
  md5: d3df980e058a5408318ecd0ac330aaf9
  depends:
  - python
  license: PSF 2
  license_family: PSF
  size: 10085
  timestamp: 1531376573064
- conda: https://conda.anaconda.org/conda-forge/win-64/tk-8.6.13-h6ed50ae_3.conda
  sha256: 0e79810fae28f3b69fe7391b0d43f5474d6bd91d451d5f2bde02f55ae481d5e3
  md5: 0481bfd9814bf525bd4b3ee4b51494c4
  depends:
  - ucrt >=10.0.20348.0
  - vc >=14.3,<15
  - vc14_runtime >=14.44.35208
  license: TCL
  license_family: BSD
  size: 3526350
  timestamp: 1769460339384
- conda: https://conda.anaconda.org/conda-forge/noarch/tzdata-2025c-hc9c84f9_1.conda
  sha256: 1d30098909076af33a35017eed6f2953af1c769e273a0626a04722ac4acaba3c
  md5: ad659d0a2b3e47e38d829aa8cad2d610
  license: LicenseRef-Public-Domain
  size: 119135
  timestamp: 1767016325805
- conda: https://conda.anaconda.org/conda-forge/win-64/ucrt-10.0.26100.0-h57928b3_0.conda
  sha256: 3005729dce6f3d3f5ec91dfc49fc75a0095f9cd23bab49efb899657297ac91a5
  md5: 71b24316859acd00bdb8b38f5e2ce328
  constrains:
  - vc14_runtime >=14.29.30037
  - vs2015_runtime >=14.29.30037
  license: LicenseRef-MicrosoftWindowsSDK10
  size: 694692
  timestamp: 1756385147981
- conda: https://conda.anaconda.org/conda-forge/win-64/vc-14.3-h41ae7f8_34.conda
  sha256: 9dc40c2610a6e6727d635c62cced5ef30b7b30123f5ef67d6139e23d21744b3a
  md5: 1e610f2416b6acdd231c5f573d754a0f
  depends:
  - vc14_runtime >=14.44.35208
  track_features:
  - vc14
  license: BSD-3-Clause
  license_family: BSD
  size: 19356
  timestamp: 1767320221521
- conda: https://conda.anaconda.org/conda-forge/win-64/vc14_runtime-14.44.35208-h818238b_34.conda
  sha256: 02732f953292cce179de9b633e74928037fa3741eb5ef91c3f8bae4f761d32a5
  md5: 37eb311485d2d8b2c419449582046a42
  depends:
  - ucrt >=10.0.20348.0
  - vcomp14 14.44.35208 h818238b_34
  constrains:
  - vs2015_runtime 14.44.35208.* *_34
  license: LicenseRef-MicrosoftVisualCpp2015-2022Runtime
  license_family: Proprietary
  size: 683233
  timestamp: 1767320219644
- conda: https://conda.anaconda.org/conda-forge/win-64/vcomp14-14.44.35208-h818238b_34.conda
  sha256: 878d5d10318b119bd98ed3ed874bd467acbe21996e1d81597a1dbf8030ea0ce6
  md5: 242d9f25d2ae60c76b38a5e42858e51d
  depends:
  - ucrt >=10.0.20348.0
  constrains:
  - vs2015_runtime 14.44.35208.* *_34
  license: LicenseRef-MicrosoftVisualCpp2015-2022Runtime
  license_family: Proprietary
  size: 115235
  timestamp: 1767320173250
- conda: https://conda.anaconda.org/conda-forge/win-64/zlib-1.3.2-hfd05255_2.conda
  sha256: ef408f85f664a4b9c9dac3cb2e36154d9baa15a88984ea800e11060e0f2394a1
  md5: 5187ecf958be3c39110fe691cbd6873e
  depends:
  - libzlib 1.3.2 hfd05255_2
  - ucrt >=10.0.20348.0
  - vc >=14.3,<15
  - vc14_runtime >=14.44.35208
  license: Zlib
  license_family: Other
  size: 850351
  timestamp: 1774072891049
- conda: https://conda.anaconda.org/conda-forge/win-64/zstd-1.5.7-h534d264_6.conda
  sha256: 368d8628424966fd8f9c8018326a9c779e06913dd39e646cf331226acc90e5b2
  md5: 053b84beec00b71ea8ff7a4f84b55207
  depends:
  - vc >=14.3,<15
  - vc14_runtime >=14.44.35208
  - ucrt >=10.0.20348.0
  - libzlib >=1.3.1,<2.0a0
  license: BSD-3-Clause
  license_family: BSD
  size: 388453
  timestamp: 1764777142545
